{
  "name": "bar-tap",
  "version": "0.0.0",
  "lockfileVersion": 1,
  "requires": true,
  "dependencies": {
    "ngx-stripe": {
      "version": "7.2.0",
      "resolved": "https://registry.npmjs.org/ngx-stripe/-/ngx-stripe-7.2.0.tgz",
      "integrity": "sha512-5pFpmKBUeB5Yj862CHBlHp1nmysIdcpfGzbS/TstqIgDREXX6Ip9UYIQ7o69nApkivMyPUvYRgNomDDc/cFmWg==",
      "requires": {
        "tslib": "^1.9.0"
      },
      "dependencies": {
        "tslib": {
          "version": "1.9.3",
          "resolved": "https://registry.npmjs.org/tslib/-/tslib-1.9.3.tgz",
          "integrity": "sha512-4krF8scpejhaOgqzBEcGM7yDIEfi0/8+8zDRZhNZZ2kjmHJ4hv3zCbQWxoJGz1iw5U0Jl0nma13xzHXcncMavQ=="
        }
      }
    }
  }
}
